{
  "name": "codingquest",
  "version": "1.0.0",
  "lockfileVersion": 3,
  "requires": true,
  "packages": {
    "": {
      "name": "codingquest",
      "version": "1.0.0",
      "license": "ISC",
      "dependencies": {
        "@datastructures-js/queue": "^4.2.3",
        "pngjs": "^7.0.0"
      }
    },
    "node_modules/@datastructures-js/queue": {
      "version": "4.2.3",
      "resolved": "https://registry.npmjs.org/@datastructures-js/queue/-/queue-4.2.3.tgz",
      "integrity": "sha512-GWVMorC/xi2V2ta+Z/CPgPGHL2ZJozcj48g7y2nIX5GIGZGRrbShSHgvMViJwHJurUzJYOdIdRZnWDRrROFwJA=="
    },
    "node_modules/pngjs": {
      "version": "7.0.0",
      "resolved": "https://registry.npmjs.org/pngjs/-/pngjs-7.0.0.tgz",
      "integrity": "sha512-LKWqWJRhstyYo9pGvgor/ivk2w94eSjE3RGVuzLGlr3NmD8bf7RcYGze1mNdEHRP6TRP6rMuDHk5t44hnTRyow==",
      "engines": {
        "node": ">=14.19.0"
      }
    }
  }
}
